// !$*UTF8*$!
{
	archiveVersion = 1;
	classes = {
	};
	objectVersion = 50;
	objects = {

/* Begin PBXBuildFile section */
		B80B2C4E2608E88500FA3734 /* warmWax1.swift in Sources */ = {isa = PBXBuildFile; fileRef = B80B2C4D2608E88500FA3734 /* warmWax1.swift */; };
		B80B2C522608E8BE00FA3734 /* warmestWax1.swift in Sources */ = {isa = PBXBuildFile; fileRef = B80B2C512608E8BE00FA3734 /* warmestWax1.swift */; };
		B80B2C562608E8E500FA3734 /* freezing1.swift in Sources */ = {isa = PBXBuildFile; fileRef = B80B2C552608E8E500FA3734 /* freezing1.swift */; };
		B80B2C5A2608E90D00FA3734 /* averageTemp1.swift in Sources */ = {isa = PBXBuildFile; fileRef = B80B2C592608E90D00FA3734 /* averageTemp1.swift */; };
		B80B2C5E2608E92A00FA3734 /* cold1.swift in Sources */ = {isa = PBXBuildFile; fileRef = B80B2C5D2608E92A00FA3734 /* cold1.swift */; };
		B80B2C622608E96C00FA3734 /* idealConditions1.swift in Sources */ = {isa = PBXBuildFile; fileRef = B80B2C612608E96C00FA3734 /* idealConditions1.swift */; };
		B80B2C6E2609020700FA3734 /* tempList.swift in Sources */ = {isa = PBXBuildFile; fileRef = B80B2C6D2609020700FA3734 /* tempList.swift */; };
		B8EE303725FFBE090047AED3 /* waxingGuideApp.swift in Sources */ = {isa = PBXBuildFile; fileRef = B8EE303625FFBE090047AED3 /* waxingGuideApp.swift */; };
		B8EE303925FFBE090047AED3 /* ContentView.swift in Sources */ = {isa = PBXBuildFile; fileRef = B8EE303825FFBE090047AED3 /* ContentView.swift */; };
		B8EE303B25FFBE0E0047AED3 /* Assets.xcassets in Resources */ = {isa = PBXBuildFile; fileRef = B8EE303A25FFBE0E0047AED3 /* Assets.xcassets */; };
		B8EE303E25FFBE0E0047AED3 /* Preview Assets.xcassets in Resources */ = {isa = PBXBuildFile; fileRef = B8EE303D25FFBE0E0047AED3 /* Preview Assets.xcassets */; };
		B8EE3051260262C80047AED3 /* SimpleListItemView.swift in Sources */ = {isa = PBXBuildFile; fileRef = B8EE3050260262C80047AED3 /* SimpleListItemView.swift */; };
		B8EE3055260264410047AED3 /* temperature.swift in Sources */ = {isa = PBXBuildFile; fileRef = B8EE3054260264410047AED3 /* temperature.swift */; };
		B8EE305926038AF70047AED3 /* waxingEquipment.swift in Sources */ = {isa = PBXBuildFile; fileRef = B8EE305826038AF70047AED3 /* waxingEquipment.swift */; };
		B8EE305C2603957D0047AED3 /* skiingType.swift in Sources */ = {isa = PBXBuildFile; fileRef = B8EE305B2603957D0047AED3 /* skiingType.swift */; };
		B8EE306A260505170047AED3 /* finalPage.swift in Sources */ = {isa = PBXBuildFile; fileRef = B8EE3069260505170047AED3 /* finalPage.swift */; };
		B8EE306E2605086E0047AED3 /* warmestWax.swift in Sources */ = {isa = PBXBuildFile; fileRef = B8EE306D2605086E0047AED3 /* warmestWax.swift */; };
		B8EE3073260508830047AED3 /* warmWax.swift in Sources */ = {isa = PBXBuildFile; fileRef = B8EE3072260508830047AED3 /* warmWax.swift */; };
		B8EE3076260508920047AED3 /* idealConditions.swift in Sources */ = {isa = PBXBuildFile; fileRef = B8EE3075260508920047AED3 /* idealConditions.swift */; };
		B8EE3079260508AF0047AED3 /* averageTemp.swift in Sources */ = {isa = PBXBuildFile; fileRef = B8EE3078260508AF0047AED3 /* averageTemp.swift */; };
		B8EE307C260508C20047AED3 /* cold.swift in Sources */ = {isa = PBXBuildFile; fileRef = B8EE307B260508C20047AED3 /* cold.swift */; };
		B8EE307F260508CF0047AED3 /* freezing.swift in Sources */ = {isa = PBXBuildFile; fileRef = B8EE307E260508CF0047AED3 /* freezing.swift */; };
/* End PBXBuildFile section */

/* Begin PBXFileReference section */
		B80B2C4D2608E88500FA3734 /* warmWax1.swift */ = {isa = PBXFileReference; lastKnownFileType = sourcecode.swift; path = warmWax1.swift; sourceTree = "<group>"; };
		B80B2C512608E8BE00FA3734 /* warmestWax1.swift */ = {isa = PBXFileReference; lastKnownFileType = sourcecode.swift; path = warmestWax1.swift; sourceTree = "<group>"; };
		B80B2C552608E8E500FA3734 /* freezing1.swift */ = {isa = PBXFileReference; lastKnownFileType = sourcecode.swift; path = freezing1.swift; sourceTree = "<group>"; };
		B80B2C592608E90D00FA3734 /* averageTemp1.swift */ = {isa = PBXFileReference; lastKnownFileType = sourcecode.swift; path = averageTemp1.swift; sourceTree = "<group>"; };
		B80B2C5D2608E92A00FA3734 /* cold1.swift */ = {isa = PBXFileReference; lastKnownFileType = sourcecode.swift; path = cold1.swift; sourceTree = "<group>"; };
		B80B2C612608E96C00FA3734 /* idealConditions1.swift */ = {isa = PBXFileReference; lastKnownFileType = sourcecode.swift; path = idealConditions1.swift; sourceTree = "<group>"; };
		B80B2C6D2609020700FA3734 /* tempList.swift */ = {isa = PBXFileReference; lastKnownFileType = sourcecode.swift; path = tempList.swift; sourceTree = "<group>"; };
		B8EE303325FFBE090047AED3 /* waxingGuide.app */ = {isa = PBXFileReference; explicitFileType = wrapper.application; includeInIndex = 0; path = waxingGuide.app; sourceTree = BUILT_PRODUCTS_DIR; };
		B8EE303625FFBE090047AED3 /* waxingGuideApp.swift */ = {isa = PBXFileReference; lastKnownFileType = sourcecode.swift; path = waxingGuideApp.swift; sourceTree = "<group>"; };
		B8EE303825FFBE090047AED3 /* ContentView.swift */ = {isa = PBXFileReference; lastKnownFileType = sourcecode.swift; path = ContentView.swift; sourceTree = "<group>"; };
		B8EE303A25FFBE0E0047AED3 /* Assets.xcassets */ = {isa = PBXFileReference; lastKnownFileType = folder.assetcatalog; path = Assets.xcassets; sourceTree = "<group>"; };
		B8EE303D25FFBE0E0047AED3 /* Preview Assets.xcassets */ = {isa = PBXFileReference; lastKnownFileType = folder.assetcatalog; path = "Preview Assets.xcassets"; sourceTree = "<group>"; };
		B8EE303F25FFBE0E0047AED3 /* Info.plist */ = {isa = PBXFileReference; lastKnownFileType = text.plist.xml; path = Info.plist; sourceTree = "<group>"; };
		B8EE3050260262C80047AED3 /* SimpleListItemView.swift */ = {isa = PBXFileReference; lastKnownFileType = sourcecode.swift; path = SimpleListItemView.swift; sourceTree = "<group>"; };
		B8EE3054260264410047AED3 /* temperature.swift */ = {isa = PBXFileReference; lastKnownFileType = sourcecode.swift; path = temperature.swift; sourceTree = "<group>"; };
		B8EE305826038AF70047AED3 /* waxingEquipment.swift */ = {isa = PBXFileReference; lastKnownFileType = sourcecode.swift; path = waxingEquipment.swift; sourceTree = "<group>"; };
		B8EE305B2603957D0047AED3 /* skiingType.swift */ = {isa = PBXFileReference; lastKnownFileType = sourcecode.swift; path = skiingType.swift; sourceTree = "<group>"; };
		B8EE3069260505170047AED3 /* finalPage.swift */ = {isa = PBXFileReference; lastKnownFileType = sourcecode.swift; path = finalPage.swift; sourceTree = "<group>"; };
		B8EE306D2605086E0047AED3 /* warmestWax.swift */ = {isa = PBXFileReference; lastKnownFileType = sourcecode.swift; path = warmestWax.swift; sourceTree = "<group>"; };
		B8EE3072260508830047AED3 /* warmWax.swift */ = {isa = PBXFileReference; lastKnownFileType = sourcecode.swift; path = warmWax.swift; sourceTree = "<group>"; };
		B8EE3075260508920047AED3 /* idealConditions.swift */ = {isa = PBXFileReference; lastKnownFileType = sourcecode.swift; path = idealConditions.swift; sourceTree = "<group>"; };
		B8EE3078260508AF0047AED3 /* averageTemp.swift */ = {isa = PBXFileReference; lastKnownFileType = sourcecode.swift; path = averageTemp.swift; sourceTree = "<group>"; };
		B8EE307B260508C20047AED3 /* cold.swift */ = {isa = PBXFileReference; lastKnownFileType = sourcecode.swift; path = cold.swift; sourceTree = "<group>"; };
		B8EE307E260508CF0047AED3 /* freezing.swift */ = {isa = PBXFileReference; lastKnownFileType = sourcecode.swift; path = freezing.swift; sourceTree = "<group>"; };
/* End PBXFileReference section */

/* Begin PBXFrameworksBuildPhase section */
		B8EE303025FFBE090047AED3 /* Frameworks */ = {
			isa = PBXFrameworksBuildPhase;
			buildActionMask = 2147483647;
			files = (
			);
			runOnlyForDeploymentPostprocessing = 0;
		};
/* End PBXFrameworksBuildPhase section */

/* Begin PBXGroup section */
		B88F7DB9260809E0006AB7AD /* Expensive */ = {
			isa = PBXGroup;
			children = (
				B8EE306D2605086E0047AED3 /* warmestWax.swift */,
				B8EE3072260508830047AED3 /* warmWax.swift */,
				B8EE3075260508920047AED3 /* idealConditions.swift */,
				B8EE3078260508AF0047AED3 /* averageTemp.swift */,
				B8EE307B260508C20047AED3 /* cold.swift */,
				B8EE307E260508CF0047AED3 /* freezing.swift */,
			);
			path = Expensive;
			sourceTree = "<group>";
		};
		B88F7DBA26080A0B006AB7AD /* casual */ = {
			isa = PBXGroup;
			children = (
				B80B2C4D2608E88500FA3734 /* warmWax1.swift */,
				B80B2C512608E8BE00FA3734 /* warmestWax1.swift */,
				B80B2C552608E8E500FA3734 /* freezing1.swift */,
				B80B2C592608E90D00FA3734 /* averageTemp1.swift */,
				B80B2C5D2608E92A00FA3734 /* cold1.swift */,
				B80B2C612608E96C00FA3734 /* idealConditions1.swift */,
			);
			path = casual;
			sourceTree = "<group>";
		};
		B8EE302A25FFBE090047AED3 = {
			isa = PBXGroup;
			children = (
				B80B2C6D2609020700FA3734 /* tempList.swift */,
				B8EE303525FFBE090047AED3 /* waxingGuide */,
				B8EE303425FFBE090047AED3 /* Products */,
			);
			sourceTree = "<group>";
		};
		B8EE303425FFBE090047AED3 /* Products */ = {
			isa = PBXGroup;
			children = (
				B8EE303325FFBE090047AED3 /* waxingGuide.app */,
			);
			name = Products;
			sourceTree = "<group>";
		};
		B8EE303525FFBE090047AED3 /* waxingGuide */ = {
			isa = PBXGroup;
			children = (
				B8EE3054260264410047AED3 /* temperature.swift */,
				B8EE303625FFBE090047AED3 /* waxingGuideApp.swift */,
				B8EE303825FFBE090047AED3 /* ContentView.swift */,
				B8EE3050260262C80047AED3 /* SimpleListItemView.swift */,
				B8EE303A25FFBE0E0047AED3 /* Assets.xcassets */,
				B8EE303F25FFBE0E0047AED3 /* Info.plist */,
				B8EE304925FFBFF50047AED3 /* Views */,
				B8EE303C25FFBE0E0047AED3 /* Preview Content */,
			);
			path = waxingGuide;
			sourceTree = "<group>";
		};
		B8EE303C25FFBE0E0047AED3 /* Preview Content */ = {
			isa = PBXGroup;
			children = (
				B8EE303D25FFBE0E0047AED3 /* Preview Assets.xcassets */,
			);
			path = "Preview Content";
			sourceTree = "<group>";
		};
		B8EE304925FFBFF50047AED3 /* Views */ = {
			isa = PBXGroup;
			children = (
				B8EE305826038AF70047AED3 /* waxingEquipment.swift */,
				B8EE305B2603957D0047AED3 /* skiingType.swift */,
				B8EE3069260505170047AED3 /* finalPage.swift */,
				B8EE306C260507830047AED3 /* waxRecomendationWithTool */,
			);
			path = Views;
			sourceTree = "<group>";
		};
		B8EE306C260507830047AED3 /* waxRecomendationWithTool */ = {
			isa = PBXGroup;
			children = (
				B88F7DBA26080A0B006AB7AD /* casual */,
				B88F7DB9260809E0006AB7AD /* Expensive */,
			);
			path = waxRecomendationWithTool;
			sourceTree = "<group>";
		};
/* End PBXGroup section */

/* Begin PBXNativeTarget section */
		B8EE303225FFBE090047AED3 /* waxingGuide */ = {
			isa = PBXNativeTarget;
			buildConfigurationList = B8EE304225FFBE0E0047AED3 /* Build configuration list for PBXNativeTarget "waxingGuide" */;
			buildPhases = (
				B8EE302F25FFBE090047AED3 /* Sources */,
				B8EE303025FFBE090047AED3 /* Frameworks */,
				B8EE303125FFBE090047AED3 /* Resources */,
			);
			buildRules = (
			);
			dependencies = (
			);
			name = waxingGuide;
			productName = waxingGuide;
			productReference = B8EE303325FFBE090047AED3 /* waxingGuide.app */;
			productType = "com.apple.product-type.application";
		};
/* End PBXNativeTarget section */

/* Begin PBXProject section */
		B8EE302B25FFBE090047AED3 /* Project object */ = {
			isa = PBXProject;
			attributes = {
				LastSwiftUpdateCheck = 1230;
				LastUpgradeCheck = 1230;
				TargetAttributes = {
					B8EE303225FFBE090047AED3 = {
						CreatedOnToolsVersion = 12.3;
					};
				};
			};
			buildConfigurationList = B8EE302E25FFBE090047AED3 /* Build configuration list for PBXProject "waxingGuide" */;
			compatibilityVersion = "Xcode 9.3";
			developmentRegion = en;
			hasScannedForEncodings = 0;
			knownRegions = (
				en,
				Base,
			);
			mainGroup = B8EE302A25FFBE090047AED3;
			productRefGroup = B8EE303425FFBE090047AED3 /* Products */;
			projectDirPath = "";
			projectRoot = "";
			targets = (
				B8EE303225FFBE090047AED3 /* waxingGuide */,
			);
		};
/* End PBXProject section */

/* Begin PBXResourcesBuildPhase section */
		B8EE303125FFBE090047AED3 /* Resources */ = {
			isa = PBXResourcesBuildPhase;
			buildActionMask = 2147483647;
			files = (
				B8EE303E25FFBE0E0047AED3 /* Preview Assets.xcassets in Resources */,
				B8EE303B25FFBE0E0047AED3 /* Assets.xcassets in Resources */,
			);
			runOnlyForDeploymentPostprocessing = 0;
		};
/* End PBXResourcesBuildPhase section */

/* Begin PBXSourcesBuildPhase section */
		B8EE302F25FFBE090047AED3 /* Sources */ = {
			isa = PBXSourcesBuildPhase;
			buildActionMask = 2147483647;
			files = (
				B8EE305926038AF70047AED3 /* waxingEquipment.swift in Sources */,
				B80B2C5E2608E92A00FA3734 /* cold1.swift in Sources */,
				B8EE306A260505170047AED3 /* finalPage.swift in Sources */,
				B8EE305C2603957D0047AED3 /* skiingType.swift in Sources */,
				B8EE303925FFBE090047AED3 /* ContentView.swift in Sources */,
				B8EE306E2605086E0047AED3 /* warmestWax.swift in Sources */,
				B8EE307F260508CF0047AED3 /* freezing.swift in Sources */,
				B80B2C622608E96C00FA3734 /* idealConditions1.swift in Sources */,
				B8EE3073260508830047AED3 /* warmWax.swift in Sources */,
				B8EE303725FFBE090047AED3 /* waxingGuideApp.swift in Sources */,
				B8EE3055260264410047AED3 /* temperature.swift in Sources */,
				B80B2C522608E8BE00FA3734 /* warmestWax1.swift in Sources */,
				B80B2C5A2608E90D00FA3734 /* averageTemp1.swift in Sources */,
				B80B2C4E2608E88500FA3734 /* warmWax1.swift in Sources */,
				B80B2C6E2609020700FA3734 /* tempList.swift in Sources */,
				B80B2C562608E8E500FA3734 /* freezing1.swift in Sources */,
				B8EE3079260508AF0047AED3 /* averageTemp.swift in Sources */,
				B8EE307C260508C20047AED3 /* cold.swift in Sources */,
				B8EE3051260262C80047AED3 /* SimpleListItemView.swift in Sources */,
				B8EE3076260508920047AED3 /* idealConditions.swift in Sources */,
			);
			runOnlyForDeploymentPostprocessing = 0;
		};
/* End PBXSourcesBuildPhase section */

/* Begin XCBuildConfiguration section */
		B8EE304025FFBE0E0047AED3 /* Debug */ = {
			isa = XCBuildConfiguration;
			buildSettings = {
				ALWAYS_SEARCH_USER_PATHS = NO;
				CLANG_ANALYZER_NONNULL = YES;
				CLANG_ANALYZER_NUMBER_OBJECT_CONVERSION = YES_AGGRESSIVE;
				CLANG_CXX_LANGUAGE_STANDARD = "gnu++14";
				CLANG_CXX_LIBRARY = "libc++";
				CLANG_ENABLE_MODULES = YES;
				CLANG_ENABLE_OBJC_ARC = YES;
				CLANG_ENABLE_OBJC_WEAK = YES;
				CLANG_WARN_BLOCK_CAPTURE_AUTORELEASING = YES;
				CLANG_WARN_BOOL_CONVERSION = YES;
				CLANG_WARN_COMMA = YES;
				CLANG_WARN_CONSTANT_CONVERSION = YES;
				CLANG_WARN_DEPRECATED_OBJC_IMPLEMENTATIONS = YES;
				CLANG_WARN_DIRECT_OBJC_ISA_USAGE = YES_ERROR;
				CLANG_WARN_DOCUMENTATION_COMMENTS = YES;
				CLANG_WARN_EMPTY_BODY = YES;
				CLANG_WARN_ENUM_CONVERSION = YES;
				CLANG_WARN_INFINITE_RECURSION = YES;
				CLANG_WARN_INT_CONVERSION = YES;
				CLANG_WARN_NON_LITERAL_NULL_CONVERSION = YES;
				CLANG_WARN_OBJC_IMPLICIT_RETAIN_SELF = YES;
				CLANG_WARN_OBJC_LITERAL_CONVERSION = YES;
				CLANG_WARN_OBJC_ROOT_CLASS = YES_ERROR;
				CLANG_WARN_QUOTED_INCLUDE_IN_FRAMEWORK_HEADER = YES;
				CLANG_WARN_RANGE_LOOP_ANALYSIS = YES;
				CLANG_WARN_STRICT_PROTOTYPES = YES;
				CLANG_WARN_SUSPICIOUS_MOVE = YES;
				CLANG_WARN_UNGUARDED_AVAILABILITY = YES_AGGRESSIVE;
				CLANG_WARN_UNREACHABLE_CODE = YES;
				CLANG_WARN__DUPLICATE_METHOD_MATCH = YES;
				COPY_PHASE_STRIP = NO;
				DEBUG_INFORMATION_FORMAT = dwarf;
				ENABLE_STRICT_OBJC_MSGSEND = YES;
				ENABLE_TESTABILITY = YES;
				GCC_C_LANGUAGE_STANDARD = gnu11;
				GCC_DYNAMIC_NO_PIC = NO;
				GCC_NO_COMMON_BLOCKS = YES;
				GCC_OPTIMIZATION_LEVEL = 0;
				GCC_PREPROCESSOR_DEFINITIONS = (
					"DEBUG=1",
					"$(inherited)",
				);
				GCC_WARN_64_TO_32_BIT_CONVERSION = YES;
				GCC_WARN_ABOUT_RETURN_TYPE = YES_ERROR;
				GCC_WARN_UNDECLARED_SELECTOR = YES;
				GCC_WARN_UNINITIALIZED_AUTOS = YES_AGGRESSIVE;
				GCC_WARN_UNUSED_FUNCTION = YES;
				GCC_WARN_UNUSED_VARIABLE = YES;
				IPHONEOS_DEPLOYMENT_TARGET = 14.3;
				MTL_ENABLE_DEBUG_INFO = INCLUDE_SOURCE;
				MTL_FAST_MATH = YES;
				ONLY_ACTIVE_ARCH = YES;
				SDKROOT = iphoneos;
				SWIFT_ACTIVE_COMPILATION_CONDITIONS = DEBUG;
				SWIFT_OPTIMIZATION_LEVEL = "-Onone";
			};
			name = Debug;
		};
		B8EE304125FFBE0E0047AED3 /* Release */ = {
			isa = XCBuildConfiguration;
			buildSettings = {
				ALWAYS_SEARCH_USER_PATHS = NO;
				CLANG_ANALYZER_NONNULL = YES;
				CLANG_ANALYZER_NUMBER_OBJECT_CONVERSION = YES_AGGRESSIVE;
				CLANG_CXX_LANGUAGE_STANDARD = "gnu++14";
				CLANG_CXX_LIBRARY = "libc++";
				CLANG_ENABLE_MODULES = YES;
				CLANG_ENABLE_OBJC_ARC = YES;
				CLANG_ENABLE_OBJC_WEAK = YES;
				CLANG_WARN_BLOCK_CAPTURE_AUTORELEASING = YES;
				CLANG_WARN_BOOL_CONVERSION = YES;
				CLANG_WARN_COMMA = YES;
				CLANG_WARN_CONSTANT_CONVERSION = YES;
				CLANG_WARN_DEPRECATED_OBJC_IMPLEMENTATIONS = YES;
				CLANG_WARN_DIRECT_OBJC_ISA_USAGE = YES_ERROR;
				CLANG_WARN_DOCUMENTATION_COMMENTS = YES;
				CLANG_WARN_EMPTY_BODY = YES;
				CLANG_WARN_ENUM_CONVERSION = YES;
				CLANG_WARN_INFINITE_RECURSION = YES;
				CLANG_WARN_INT_CONVERSION = YES;
				CLANG_WARN_NON_LITERAL_NULL_CONVERSION = YES;
				CLANG_WARN_OBJC_IMPLICIT_RETAIN_SELF = YES;
				CLANG_WARN_OBJC_LITERAL_CONVERSION = YES;
				CLANG_WARN_OBJC_ROOT_CLASS = YES_ERROR;
				CLANG_WARN_QUOTED_INCLUDE_IN_FRAMEWORK_HEADER = YES;
				CLANG_WARN_RANGE_LOOP_ANALYSIS = YES;
				CLANG_WARN_STRICT_PROTOTYPES = YES;
				CLANG_WARN_SUSPICIOUS_MOVE = YES;
				CLANG_WARN_UNGUARDED_AVAILABILITY = YES_AGGRESSIVE;
				CLANG_WARN_UNREACHABLE_CODE = YES;
				CLANG_WARN__DUPLICATE_METHOD_MATCH = YES;
				COPY_PHASE_STRIP = NO;
				DEBUG_INFORMATION_FORMAT = "dwarf-with-dsym";
				ENABLE_NS_ASSERTIONS = NO;
				ENABLE_STRICT_OBJC_MSGSEND = YES;
				GCC_C_LANGUAGE_STANDARD = gnu11;
				GCC_NO_COMMON_BLOCKS = YES;
				GCC_WARN_64_TO_32_BIT_CONVERSION = YES;
				GCC_WARN_ABOUT_RETURN_TYPE = YES_ERROR;
				GCC_WARN_UNDECLARED_SELECTOR = YES;
				GCC_WARN_UNINITIALIZED_AUTOS = YES_AGGRESSIVE;
				GCC_WARN_UNUSED_FUNCTION = YES;
				GCC_WARN_UNUSED_VARIABLE = YES;
				IPHONEOS_DEPLOYMENT_TARGET = 14.3;
				MTL_ENABLE_DEBUG_INFO = NO;
				MTL_FAST_MATH = YES;
				SDKROOT = iphoneos;
				SWIFT_COMPILATION_MODE = wholemodule;
				SWIFT_OPTIMIZATION_LEVEL = "-O";
				VALIDATE_PRODUCT = YES;
			};
			name = Release;
		};
		B8EE304325FFBE0E0047AED3 /* Debug */ = {
			isa = XCBuildConfiguration;
			buildSettings = {
				ASSETCATALOG_COMPILER_APPICON_NAME = AppIcon;
				ASSETCATALOG_COMPILER_GLOBAL_ACCENT_COLOR_NAME = AccentColor;
				CODE_SIGN_STYLE = Automatic;
				DEVELOPMENT_ASSET_PATHS = "\"waxingGuide/Preview Content\"";
				DEVELOPMENT_TEAM = NC56L7S8F6;
				ENABLE_PREVIEWS = YES;
				INFOPLIST_FILE = waxingGuide/Info.plist;
				IPHONEOS_DEPLOYMENT_TARGET = 14.0;
				LD_RUNPATH_SEARCH_PATHS = (
					"$(inherited)",
					"@executable_path/Frameworks",
				);
				PRODUCT_BUNDLE_IDENTIFIER = ca.evanarmstrong.waxingGuide;
				PRODUCT_NAME = "$(TARGET_NAME)";
				SWIFT_VERSION = 5.0;
				TARGETED_DEVICE_FAMILY = "1,2";
			};
			name = Debug;
		};
		B8EE304425FFBE0E0047AED3 /* Release */ = {
			isa = XCBuildConfiguration;
			buildSettings = {
				ASSETCATALOG_COMPILER_APPICON_NAME = AppIcon;
				ASSETCATALOG_COMPILER_GLOBAL_ACCENT_COLOR_NAME = AccentColor;
				CODE_SIGN_STYLE = Automatic;
				DEVELOPMENT_ASSET_PATHS = "\"waxingGuide/Preview Content\"";
				DEVELOPMENT_TEAM = NC56L7S8F6;
				ENABLE_PREVIEWS = YES;
				INFOPLIST_FILE = waxingGuide/Info.plist;
				IPHONEOS_DEPLOYMENT_TARGET = 14.0;
				LD_RUNPATH_SEARCH_PATHS = (
					"$(inherited)",
					"@executable_path/Frameworks",
				);
				PRODUCT_BUNDLE_IDENTIFIER = ca.evanarmstrong.waxingGuide;
				PRODUCT_NAME = "$(TARGET_NAME)";
				SWIFT_VERSION = 5.0;
				TARGETED_DEVICE_FAMILY = "1,2";
			};
			name = Release;
		};
/* End XCBuildConfiguration section */

/* Begin XCConfigurationList section */
		B8EE302E25FFBE090047AED3 /* Build configuration list for PBXProject "waxingGuide" */ = {
			isa = XCConfigurationList;
			buildConfigurations = (
				B8EE304025FFBE0E0047AED3 /* Debug */,
				B8EE304125FFBE0E0047AED3 /* Release */,
			);
			defaultConfigurationIsVisible = 0;
			defaultConfigurationName = Release;
		};
		B8EE304225FFBE0E0047AED3 /* Build configuration list for PBXNativeTarget "waxingGuide" */ = {
			isa = XCConfigurationList;
			buildConfigurations = (
				B8EE304325FFBE0E0047AED3 /* Debug */,
				B8EE304425FFBE0E0047AED3 /* Release */,
			);
			defaultConfigurationIsVisible = 0;
			defaultConfigurationName = Release;
		};
/* End XCConfigurationList section */
	};
	rootObject = B8EE302B25FFBE090047AED3 /* Project object */;
}
